{
  "name": "ajs2",
  "version": "1.0.0",
  "lockfileVersion": 3,
  "requires": true,
  "packages": {
    "": {
      "name": "ajs2",
      "version": "1.0.0",
      "license": "ISC",
      "dependencies": {
        "@muradr1/ajs": "^1.0.0"
      }
    },
    "node_modules/@muradr1/ajs": {
      "version": "1.0.0",
      "resolved": "https://npm.pkg.github.com/download/@muradr1/ajs/1.0.0/00cc7bc085d5e0094f5ebd66bd26e97d07fb8e2f",
      "integrity": "sha512-C2vFrqnEHQCQVG24uRGLcHPfI9LuXmuMt41DaI/IbVtqjwTNHSH0yqKqpNokrKXsVdnVDNe2p+IKwmE2w064eg==",
      "license": "ISC"
    }
  }
}
